
Microsoft Visual Studio Solution File, Format Version 12.00
# Visual Studio Version 16
VisualStudioVersion = 16.0.30611.23
MinimumVisualStudioVersion = 15.0.26124.0
Project("{2150E333-8FDC-42A3-9474-1A3956D46DE8}") = "1 - Presentation", "1 - Presentation", "{2991E524-7828-46BF-9679-6567735DFD2C}"
EndProject
Project("{2150E333-8FDC-42A3-9474-1A3956D46DE8}") = "2 - Application", "2 - Application", "{9D97276F-4E8D-4EAD-B2CC-78D744F6B77A}"
EndProject
Project("{2150E333-8FDC-42A3-9474-1A3956D46DE8}") = "3 - Domain", "3 - Domain", "{027E28E7-98A1-4D4A-BA20-ACDF605FCC4C}"
EndProject
Project("{2150E333-8FDC-42A3-9474-1A3956D46DE8}") = "4 - Infra", "4 - Infra", "{F0A74338-CFE5-4B3F-BA28-C6B37FBCD2BF}"
EndProject
Project("{9A19103F-16F7-4668-BE54-9A1E7A4F7556}") = "Web.UI", "src\Web.UI\Web.UI.csproj", "{C19D964D-82CD-4E53-9280-DE11281ED3BA}"
EndProject
Project("{9A19103F-16F7-4668-BE54-9A1E7A4F7556}") = "Infra", "src\Infra\Infra.csproj", "{03A50BC9-27B5-49D3-82CD-1B6FD5BD747E}"
EndProject
Project("{9A19103F-16F7-4668-BE54-9A1E7A4F7556}") = "Domain", "src\Domain\Domain.csproj", "{5C4ABD1B-087B-421E-98D8-2EE2232C8B8D}"
EndProject
Project("{9A19103F-16F7-4668-BE54-9A1E7A4F7556}") = "Application", "src\Application\Application.csproj", "{FAB1F8CC-8B14-4C20-AE65-CD9EEA7451C4}"
EndProject
Project("{2150E333-8FDC-42A3-9474-1A3956D46DE8}") = "Tests", "Tests", "{DA79ECEB-5C08-4A40-A107-16F303FDF220}"
EndProject
Project("{2150E333-8FDC-42A3-9474-1A3956D46DE8}") = "Domain", "Domain", "{39946225-994C-4CCE-B5B9-840D91B5AE5A}"
EndProject
Project("{9A19103F-16F7-4668-BE54-9A1E7A4F7556}") = "Domain.UnitTests", "tests\Domain.UnitTests\Domain.UnitTests.csproj", "{76432F9B-5ED7-46BF-9E13-89AEDFC259E6}"
EndProject
Project("{2150E333-8FDC-42A3-9474-1A3956D46DE8}") = "Infra", "Infra", "{B550AF8A-8D7D-4991-B953-4FFDCB200D75}"
EndProject
Project("{9A19103F-16F7-4668-BE54-9A1E7A4F7556}") = "Infra.UnitTests", "tests\Infra.UnitTests\Infra.UnitTests.csproj", "{1ABE0DBC-81F8-4A16-BC91-511F1DAE2CE0}"
EndProject
Project("{E53339B2-1760-4266-BCC7-CA923CBCF16C}") = "docker-compose", "docker-compose.dcproj", "{162770CD-E073-4454-A486-DDC1678CDE8E}"
EndProject
Project("{2150E333-8FDC-42A3-9474-1A3956D46DE8}") = "Solution Items", "Solution Items", "{04BA700E-49F6-4644-836E-4A0D3DEB3788}"
	ProjectSection(SolutionItems) = preProject
		README.md = README.md
	EndProjectSection
EndProject
Global
	GlobalSection(SolutionConfigurationPlatforms) = preSolution
		Debug|Any CPU = Debug|Any CPU
		Release|Any CPU = Release|Any CPU
	EndGlobalSection
	GlobalSection(ProjectConfigurationPlatforms) = postSolution
		{C19D964D-82CD-4E53-9280-DE11281ED3BA}.Debug|Any CPU.ActiveCfg = Debug|Any CPU
		{C19D964D-82CD-4E53-9280-DE11281ED3BA}.Debug|Any CPU.Build.0 = Debug|Any CPU
		{C19D964D-82CD-4E53-9280-DE11281ED3BA}.Release|Any CPU.ActiveCfg = Release|Any CPU
		{C19D964D-82CD-4E53-9280-DE11281ED3BA}.Release|Any CPU.Build.0 = Release|Any CPU
		{03A50BC9-27B5-49D3-82CD-1B6FD5BD747E}.Debug|Any CPU.ActiveCfg = Debug|Any CPU
		{03A50BC9-27B5-49D3-82CD-1B6FD5BD747E}.Debug|Any CPU.Build.0 = Debug|Any CPU
		{03A50BC9-27B5-49D3-82CD-1B6FD5BD747E}.Release|Any CPU.ActiveCfg = Release|Any CPU
		{03A50BC9-27B5-49D3-82CD-1B6FD5BD747E}.Release|Any CPU.Build.0 = Release|Any CPU
		{5C4ABD1B-087B-421E-98D8-2EE2232C8B8D}.Debug|Any CPU.ActiveCfg = Debug|Any CPU
		{5C4ABD1B-087B-421E-98D8-2EE2232C8B8D}.Debug|Any CPU.Build.0 = Debug|Any CPU
		{5C4ABD1B-087B-421E-98D8-2EE2232C8B8D}.Release|Any CPU.ActiveCfg = Release|Any CPU
		{5C4ABD1B-087B-421E-98D8-2EE2232C8B8D}.Release|Any CPU.Build.0 = Release|Any CPU
		{FAB1F8CC-8B14-4C20-AE65-CD9EEA7451C4}.Debug|Any CPU.ActiveCfg = Debug|Any CPU
		{FAB1F8CC-8B14-4C20-AE65-CD9EEA7451C4}.Debug|Any CPU.Build.0 = Debug|Any CPU
		{FAB1F8CC-8B14-4C20-AE65-CD9EEA7451C4}.Release|Any CPU.ActiveCfg = Release|Any CPU
		{FAB1F8CC-8B14-4C20-AE65-CD9EEA7451C4}.Release|Any CPU.Build.0 = Release|Any CPU
		{76432F9B-5ED7-46BF-9E13-89AEDFC259E6}.Debug|Any CPU.ActiveCfg = Debug|Any CPU
		{76432F9B-5ED7-46BF-9E13-89AEDFC259E6}.Debug|Any CPU.Build.0 = Debug|Any CPU
		{76432F9B-5ED7-46BF-9E13-89AEDFC259E6}.Release|Any CPU.ActiveCfg = Release|Any CPU
		{76432F9B-5ED7-46BF-9E13-89AEDFC259E6}.Release|Any CPU.Build.0 = Release|Any CPU
		{1ABE0DBC-81F8-4A16-BC91-511F1DAE2CE0}.Debug|Any CPU.ActiveCfg = Debug|Any CPU
		{1ABE0DBC-81F8-4A16-BC91-511F1DAE2CE0}.Debug|Any CPU.Build.0 = Debug|Any CPU
		{1ABE0DBC-81F8-4A16-BC91-511F1DAE2CE0}.Release|Any CPU.ActiveCfg = Release|Any CPU
		{1ABE0DBC-81F8-4A16-BC91-511F1DAE2CE0}.Release|Any CPU.Build.0 = Release|Any CPU
		{162770CD-E073-4454-A486-DDC1678CDE8E}.Debug|Any CPU.ActiveCfg = Debug|Any CPU
		{162770CD-E073-4454-A486-DDC1678CDE8E}.Debug|Any CPU.Build.0 = Debug|Any CPU
		{162770CD-E073-4454-A486-DDC1678CDE8E}.Release|Any CPU.ActiveCfg = Release|Any CPU
		{162770CD-E073-4454-A486-DDC1678CDE8E}.Release|Any CPU.Build.0 = Release|Any CPU
	EndGlobalSection
	GlobalSection(SolutionProperties) = preSolution
		HideSolutionNode = FALSE
	EndGlobalSection
	GlobalSection(NestedProjects) = preSolution
		{C19D964D-82CD-4E53-9280-DE11281ED3BA} = {2991E524-7828-46BF-9679-6567735DFD2C}
		{03A50BC9-27B5-49D3-82CD-1B6FD5BD747E} = {F0A74338-CFE5-4B3F-BA28-C6B37FBCD2BF}
		{5C4ABD1B-087B-421E-98D8-2EE2232C8B8D} = {027E28E7-98A1-4D4A-BA20-ACDF605FCC4C}
		{FAB1F8CC-8B14-4C20-AE65-CD9EEA7451C4} = {9D97276F-4E8D-4EAD-B2CC-78D744F6B77A}
		{39946225-994C-4CCE-B5B9-840D91B5AE5A} = {DA79ECEB-5C08-4A40-A107-16F303FDF220}
		{76432F9B-5ED7-46BF-9E13-89AEDFC259E6} = {39946225-994C-4CCE-B5B9-840D91B5AE5A}
		{B550AF8A-8D7D-4991-B953-4FFDCB200D75} = {DA79ECEB-5C08-4A40-A107-16F303FDF220}
		{1ABE0DBC-81F8-4A16-BC91-511F1DAE2CE0} = {B550AF8A-8D7D-4991-B953-4FFDCB200D75}
	EndGlobalSection
	GlobalSection(ExtensibilityGlobals) = postSolution
		SolutionGuid = {0A5FFC42-7C4C-4EE5-8775-A3113423831C}
	EndGlobalSection
EndGlobal
